
Microsoft Visual Studio Solution File, Format Version 12.00
# Visual Studio Version 17
VisualStudioVersion = 17.0.31521.260
MinimumVisualStudioVersion = 10.0.40219.1
Project("{8BC9CEB8-8B4A-11D0-8D11-00A0C91BC942}") = "Lab_5_C", "Lab_5_C\Lab_5_C.vcxproj", "{43F0FA52-BA8E-42D2-9032-9296ABEFDC38}"
EndProject
Global
	GlobalSection(SolutionConfigurationPlatforms) = preSolution
		Debug|x64 = Debug|x64
		Debug|x86 = Debug|x86
		Release|x64 = Release|x64
		Release|x86 = Release|x86
	EndGlobalSection
	GlobalSection(ProjectConfigurationPlatforms) = postSolution
		{43F0FA52-BA8E-42D2-9032-9296ABEFDC38}.Debug|x64.ActiveCfg = Debug|x64
		{43F0FA52-BA8E-42D2-9032-9296ABEFDC38}.Debug|x64.Build.0 = Debug|x64
		{43F0FA52-BA8E-42D2-9032-9296ABEFDC38}.Debug|x86.ActiveCfg = Debug|Win32
		{43F0FA52-BA8E-42D2-9032-9296ABEFDC38}.Debug|x86.Build.0 = Debug|Win32
		{43F0FA52-BA8E-42D2-9032-9296ABEFDC38}.Release|x64.ActiveCfg = Release|x64
		{43F0FA52-BA8E-42D2-9032-9296ABEFDC38}.Release|x64.Build.0 = Release|x64
		{43F0FA52-BA8E-42D2-9032-9296ABEFDC38}.Release|x86.ActiveCfg = Release|Win32
		{43F0FA52-BA8E-42D2-9032-9296ABEFDC38}.Release|x86.Build.0 = Release|Win32
	EndGlobalSection
	GlobalSection(SolutionProperties) = preSolution
		HideSolutionNode = FALSE
	EndGlobalSection
	GlobalSection(ExtensibilityGlobals) = postSolution
		SolutionGuid = {CA44CBFF-4129-4E3B-AED2-18D8D250CBE5}
	EndGlobalSection
EndGlobal
